
Microsoft Visual Studio Solution File, Format Version 12.00
# Visual Studio Version 17
VisualStudioVersion = 17.10.34928.147
MinimumVisualStudioVersion = 10.0.40219.1
Project("{FAE04EC0-301F-11D3-BF4B-00C04F79EFBC}") = "Linked-List-Implementation", "Linked-List-Implementation.csproj", "{A76D8411-1679-40B8-8104-71E6A64AC1F1}"
EndProject
Project("{FAE04EC0-301F-11D3-BF4B-00C04F79EFBC}") = "Linked-List-Implementation-Test", "..\Linked-List-Implementation-Test\Linked-List-Implementation-Test.csproj", "{F9FE7725-97BB-43A9-AE1E-416A2C0A39C9}"
EndProject
Global
	GlobalSection(SolutionConfigurationPlatforms) = preSolution
		Debug|Any CPU = Debug|Any CPU
		Release|Any CPU = Release|Any CPU
	EndGlobalSection
	GlobalSection(ProjectConfigurationPlatforms) = postSolution
		{A76D8411-1679-40B8-8104-71E6A64AC1F1}.Debug|Any CPU.ActiveCfg = Debug|Any CPU
		{A76D8411-1679-40B8-8104-71E6A64AC1F1}.Debug|Any CPU.Build.0 = Debug|Any CPU
		{A76D8411-1679-40B8-8104-71E6A64AC1F1}.Release|Any CPU.ActiveCfg = Release|Any CPU
		{A76D8411-1679-40B8-8104-71E6A64AC1F1}.Release|Any CPU.Build.0 = Release|Any CPU
		{F9FE7725-97BB-43A9-AE1E-416A2C0A39C9}.Debug|Any CPU.ActiveCfg = Debug|Any CPU
		{F9FE7725-97BB-43A9-AE1E-416A2C0A39C9}.Debug|Any CPU.Build.0 = Debug|Any CPU
		{F9FE7725-97BB-43A9-AE1E-416A2C0A39C9}.Release|Any CPU.ActiveCfg = Release|Any CPU
		{F9FE7725-97BB-43A9-AE1E-416A2C0A39C9}.Release|Any CPU.Build.0 = Release|Any CPU
	EndGlobalSection
	GlobalSection(SolutionProperties) = preSolution
		HideSolutionNode = FALSE
	EndGlobalSection
	GlobalSection(ExtensibilityGlobals) = postSolution
		SolutionGuid = {AEDA69CB-1132-410F-A017-213B4B6F41EF}
	EndGlobalSection
EndGlobal
