
Microsoft Visual Studio Solution File, Format Version 12.00
# Visual Studio Version 17
VisualStudioVersion = 17.10.34928.147
MinimumVisualStudioVersion = 10.0.40219.1
Project("{9A19103F-16F7-4668-BE54-9A1E7A4F7556}") = "ConsoleApp1", "ConsoleApp1\ConsoleApp1.csproj", "{C1BDB10D-AD00-4D91-938E-7B6C11363A94}"
EndProject
Project("{FAE04EC0-301F-11D3-BF4B-00C04F79EFBC}") = "Find-Duplicates", "..\Challenges\Find-Duplicates\Find-Duplicates\Find-Duplicates.csproj", "{8BBDD180-682E-4728-B959-E2A3D84F0910}"
EndProject
Global
	GlobalSection(SolutionConfigurationPlatforms) = preSolution
		Debug|Any CPU = Debug|Any CPU
		Release|Any CPU = Release|Any CPU
	EndGlobalSection
	GlobalSection(ProjectConfigurationPlatforms) = postSolution
		{C1BDB10D-AD00-4D91-938E-7B6C11363A94}.Debug|Any CPU.ActiveCfg = Debug|Any CPU
		{C1BDB10D-AD00-4D91-938E-7B6C11363A94}.Debug|Any CPU.Build.0 = Debug|Any CPU
		{C1BDB10D-AD00-4D91-938E-7B6C11363A94}.Release|Any CPU.ActiveCfg = Release|Any CPU
		{C1BDB10D-AD00-4D91-938E-7B6C11363A94}.Release|Any CPU.Build.0 = Release|Any CPU
		{8BBDD180-682E-4728-B959-E2A3D84F0910}.Debug|Any CPU.ActiveCfg = Debug|Any CPU
		{8BBDD180-682E-4728-B959-E2A3D84F0910}.Debug|Any CPU.Build.0 = Debug|Any CPU
		{8BBDD180-682E-4728-B959-E2A3D84F0910}.Release|Any CPU.ActiveCfg = Release|Any CPU
		{8BBDD180-682E-4728-B959-E2A3D84F0910}.Release|Any CPU.Build.0 = Release|Any CPU
	EndGlobalSection
	GlobalSection(SolutionProperties) = preSolution
		HideSolutionNode = FALSE
	EndGlobalSection
	GlobalSection(ExtensibilityGlobals) = postSolution
		SolutionGuid = {974AEA2E-0551-46BE-98D5-8DC2F85AB416}
	EndGlobalSection
EndGlobal
